
Microsoft Visual Studio Solution File, Format Version 12.00
# Visual Studio Version 17
VisualStudioVersion = 17.11.35327.3
MinimumVisualStudioVersion = 10.0.40219.1
Project("{FAE04EC0-301F-11D3-BF4B-00C04F79EFBC}") = "AbstractClasses", "AbstractClasses\AbstractClasses.csproj", "{FF86D973-13B4-4F24-AF65-4C50E358362B}"
EndProject
Global
	GlobalSection(SolutionConfigurationPlatforms) = preSolution
		Debug|Any CPU = Debug|Any CPU
		Release|Any CPU = Release|Any CPU
	EndGlobalSection
	GlobalSection(ProjectConfigurationPlatforms) = postSolution
		{FF86D973-13B4-4F24-AF65-4C50E358362B}.Debug|Any CPU.ActiveCfg = Debug|Any CPU
		{FF86D973-13B4-4F24-AF65-4C50E358362B}.Debug|Any CPU.Build.0 = Debug|Any CPU
		{FF86D973-13B4-4F24-AF65-4C50E358362B}.Release|Any CPU.ActiveCfg = Release|Any CPU
		{FF86D973-13B4-4F24-AF65-4C50E358362B}.Release|Any CPU.Build.0 = Release|Any CPU
	EndGlobalSection
	GlobalSection(SolutionProperties) = preSolution
		HideSolutionNode = FALSE
	EndGlobalSection
	GlobalSection(ExtensibilityGlobals) = postSolution
		SolutionGuid = {DE84F19B-990D-43B5-AA5A-8F60501D0E17}
	EndGlobalSection
EndGlobal
